// !$*UTF8*$!
{
	archiveVersion = 1;
	classes = {
	};
	objectVersion = 46;
	objects = {

/* Begin PBXBuildFile section */
		0C89B9111ADAE11100B7069A /* main.m in Sources */ = {isa = PBXBuildFile; fileRef = 0C89B9101ADAE11100B7069A /* main.m */; };
		0C89B9141ADAE11100B7069A /* AppDelegate.m in Sources */ = {isa = PBXBuildFile; fileRef = 0C89B9131ADAE11100B7069A /* AppDelegate.m */; };
		0C89B9171ADAE11100B7069A /* ViewController.m in Sources */ = {isa = PBXBuildFile; fileRef = 0C89B9161ADAE11100B7069A /* ViewController.m */; };
		0C89B91A1ADAE11100B7069A /* Main.storyboard in Resources */ = {isa = PBXBuildFile; fileRef = 0C89B9181ADAE11100B7069A /* Main.storyboard */; };
		0C89B91C1ADAE11100B7069A /* Images.xcassets in Resources */ = {isa = PBXBuildFile; fileRef = 0C89B91B1ADAE11100B7069A /* Images.xcassets */; };
		0C89B91F1ADAE11100B7069A /* LaunchScreen.xib in Resources */ = {isa = PBXBuildFile; fileRef = 0C89B91D1ADAE11100B7069A /* LaunchScreen.xib */; };
		0C89B92B1ADAE11100B7069A /* image3dTests.m in Sources */ = {isa = PBXBuildFile; fileRef = 0C89B92A1ADAE11100B7069A /* image3dTests.m */; };
		0C89B9571ADAE18E00B7069A /* 1.jpg in Resources */ = {isa = PBXBuildFile; fileRef = 0C89B9351ADAE18E00B7069A /* 1.jpg */; };
		0C89B9581ADAE18E00B7069A /* 10.jpg in Resources */ = {isa = PBXBuildFile; fileRef = 0C89B9361ADAE18E00B7069A /* 10.jpg */; };
		0C89B9591ADAE18E00B7069A /* 11.jpg in Resources */ = {isa = PBXBuildFile; fileRef = 0C89B9371ADAE18E00B7069A /* 11.jpg */; };
		0C89B95A1ADAE18E00B7069A /* 12.jpg in Resources */ = {isa = PBXBuildFile; fileRef = 0C89B9381ADAE18E00B7069A /* 12.jpg */; };
		0C89B95B1ADAE18E00B7069A /* 13.jpg in Resources */ = {isa = PBXBuildFile; fileRef = 0C89B9391ADAE18E00B7069A /* 13.jpg */; };
		0C89B95C1ADAE18E00B7069A /* 14.jpg in Resources */ = {isa = PBXBuildFile; fileRef = 0C89B93A1ADAE18E00B7069A /* 14.jpg */; };
		0C89B95D1ADAE18E00B7069A /* 15.jpg in Resources */ = {isa = PBXBuildFile; fileRef = 0C89B93B1ADAE18E00B7069A /* 15.jpg */; };
		0C89B95E1ADAE18E00B7069A /* 16.jpg in Resources */ = {isa = PBXBuildFile; fileRef = 0C89B93C1ADAE18E00B7069A /* 16.jpg */; };
		0C89B95F1ADAE18E00B7069A /* 17.jpg in Resources */ = {isa = PBXBuildFile; fileRef = 0C89B93D1ADAE18E00B7069A /* 17.jpg */; };
		0C89B9601ADAE18E00B7069A /* 18.jpg in Resources */ = {isa = PBXBuildFile; fileRef = 0C89B93E1ADAE18E00B7069A /* 18.jpg */; };
		0C89B9611ADAE18E00B7069A /* 19.jpg in Resources */ = {isa = PBXBuildFile; fileRef = 0C89B93F1ADAE18E00B7069A /* 19.jpg */; };
		0C89B9621ADAE18E00B7069A /* 2.jpg in Resources */ = {isa = PBXBuildFile; fileRef = 0C89B9401ADAE18E00B7069A /* 2.jpg */; };
		0C89B9631ADAE18E00B7069A /* 20.jpg in Resources */ = {isa = PBXBuildFile; fileRef = 0C89B9411ADAE18E00B7069A /* 20.jpg */; };
		0C89B9641ADAE18E00B7069A /* 21.jpg in Resources */ = {isa = PBXBuildFile; fileRef = 0C89B9421ADAE18E00B7069A /* 21.jpg */; };
		0C89B9651ADAE18E00B7069A /* 22.jpg in Resources */ = {isa = PBXBuildFile; fileRef = 0C89B9431ADAE18E00B7069A /* 22.jpg */; };
		0C89B9661ADAE18E00B7069A /* 23.jpg in Resources */ = {isa = PBXBuildFile; fileRef = 0C89B9441ADAE18E00B7069A /* 23.jpg */; };
		0C89B9671ADAE18E00B7069A /* 24.jpg in Resources */ = {isa = PBXBuildFile; fileRef = 0C89B9451ADAE18E00B7069A /* 24.jpg */; };
		0C89B9681ADAE18E00B7069A /* 25.jpg in Resources */ = {isa = PBXBuildFile; fileRef = 0C89B9461ADAE18E00B7069A /* 25.jpg */; };
		0C89B9691ADAE18E00B7069A /* 26.jpg in Resources */ = {isa = PBXBuildFile; fileRef = 0C89B9471ADAE18E00B7069A /* 26.jpg */; };
		0C89B96A1ADAE18E00B7069A /* 27.jpg in Resources */ = {isa = PBXBuildFile; fileRef = 0C89B9481ADAE18E00B7069A /* 27.jpg */; };
		0C89B96B1ADAE18E00B7069A /* 28.jpg in Resources */ = {isa = PBXBuildFile; fileRef = 0C89B9491ADAE18E00B7069A /* 28.jpg */; };
		0C89B96C1ADAE18E00B7069A /* 29.jpg in Resources */ = {isa = PBXBuildFile; fileRef = 0C89B94A1ADAE18E00B7069A /* 29.jpg */; };
		0C89B96D1ADAE18E00B7069A /* 3.jpg in Resources */ = {isa = PBXBuildFile; fileRef = 0C89B94B1ADAE18E00B7069A /* 3.jpg */; };
		0C89B96E1ADAE18E00B7069A /* 30.jpg in Resources */ = {isa = PBXBuildFile; fileRef = 0C89B94C1ADAE18E00B7069A /* 30.jpg */; };
		0C89B96F1ADAE18E00B7069A /* 31.jpg in Resources */ = {isa = PBXBuildFile; fileRef = 0C89B94D1ADAE18E00B7069A /* 31.jpg */; };
		0C89B9701ADAE18E00B7069A /* 32.jpg in Resources */ = {isa = PBXBuildFile; fileRef = 0C89B94E1ADAE18E00B7069A /* 32.jpg */; };
		0C89B9711ADAE18E00B7069A /* 33.jpg in Resources */ = {isa = PBXBuildFile; fileRef = 0C89B94F1ADAE18E00B7069A /* 33.jpg */; };
		0C89B9721ADAE18E00B7069A /* 34.jpg in Resources */ = {isa = PBXBuildFile; fileRef = 0C89B9501ADAE18E00B7069A /* 34.jpg */; };
		0C89B9731ADAE18E00B7069A /* 4.jpg in Resources */ = {isa = PBXBuildFile; fileRef = 0C89B9511ADAE18E00B7069A /* 4.jpg */; };
		0C89B9741ADAE18E00B7069A /* 5.jpg in Resources */ = {isa = PBXBuildFile; fileRef = 0C89B9521ADAE18E00B7069A /* 5.jpg */; };
		0C89B9751ADAE18E00B7069A /* 6.jpg in Resources */ = {isa = PBXBuildFile; fileRef = 0C89B9531ADAE18E00B7069A /* 6.jpg */; };
		0C89B9761ADAE18E00B7069A /* 7.jpg in Resources */ = {isa = PBXBuildFile; fileRef = 0C89B9541ADAE18E00B7069A /* 7.jpg */; };
		0C89B9771ADAE18E00B7069A /* 8.jpg in Resources */ = {isa = PBXBuildFile; fileRef = 0C89B9551ADAE18E00B7069A /* 8.jpg */; };
		0C89B9781ADAE18E00B7069A /* 9.jpg in Resources */ = {isa = PBXBuildFile; fileRef = 0C89B9561ADAE18E00B7069A /* 9.jpg */; };
		0C89B97A1ADAE24E00B7069A /* 0.jpg in Resources */ = {isa = PBXBuildFile; fileRef = 0C89B9791ADAE24E00B7069A /* 0.jpg */; };
		0CEE370B1ADEA1CB00EDDABB /* CameraManager.m in Sources */ = {isa = PBXBuildFile; fileRef = 0CEE370A1ADEA1CB00EDDABB /* CameraManager.m */; };
		0CEE370E1ADEA2F200EDDABB /* DataSource.m in Sources */ = {isa = PBXBuildFile; fileRef = 0CEE370D1ADEA2F200EDDABB /* DataSource.m */; };
/* End PBXBuildFile section */

/* Begin PBXContainerItemProxy section */
		0C89B9251ADAE11100B7069A /* PBXContainerItemProxy */ = {
			isa = PBXContainerItemProxy;
			containerPortal = 0C89B9031ADAE11100B7069A /* Project object */;
			proxyType = 1;
			remoteGlobalIDString = 0C89B90A1ADAE11100B7069A;
			remoteInfo = image3d;
		};
/* End PBXContainerItemProxy section */

/* Begin PBXFileReference section */
		0C89B90B1ADAE11100B7069A /* image3d.app */ = {isa = PBXFileReference; explicitFileType = wrapper.application; includeInIndex = 0; path = image3d.app; sourceTree = BUILT_PRODUCTS_DIR; };
		0C89B90F1ADAE11100B7069A /* Info.plist */ = {isa = PBXFileReference; lastKnownFileType = text.plist.xml; path = Info.plist; sourceTree = "<group>"; };
		0C89B9101ADAE11100B7069A /* main.m */ = {isa = PBXFileReference; lastKnownFileType = sourcecode.c.objc; path = main.m; sourceTree = "<group>"; };
		0C89B9121ADAE11100B7069A /* AppDelegate.h */ = {isa = PBXFileReference; lastKnownFileType = sourcecode.c.h; path = AppDelegate.h; sourceTree = "<group>"; };
		0C89B9131ADAE11100B7069A /* AppDelegate.m */ = {isa = PBXFileReference; lastKnownFileType = sourcecode.c.objc; path = AppDelegate.m; sourceTree = "<group>"; };
		0C89B9151ADAE11100B7069A /* ViewController.h */ = {isa = PBXFileReference; lastKnownFileType = sourcecode.c.h; path = ViewController.h; sourceTree = "<group>"; };
		0C89B9161ADAE11100B7069A /* ViewController.m */ = {isa = PBXFileReference; lastKnownFileType = sourcecode.c.objc; path = ViewController.m; sourceTree = "<group>"; };
		0C89B9191ADAE11100B7069A /* Base */ = {isa = PBXFileReference; lastKnownFileType = file.storyboard; name = Base; path = Base.lproj/Main.storyboard; sourceTree = "<group>"; };
		0C89B91B1ADAE11100B7069A /* Images.xcassets */ = {isa = PBXFileReference; lastKnownFileType = folder.assetcatalog; path = Images.xcassets; sourceTree = "<group>"; };
		0C89B91E1ADAE11100B7069A /* Base */ = {isa = PBXFileReference; lastKnownFileType = file.xib; name = Base; path = Base.lproj/LaunchScreen.xib; sourceTree = "<group>"; };
		0C89B9241ADAE11100B7069A /* image3dTests.xctest */ = {isa = PBXFileReference; explicitFileType = wrapper.cfbundle; includeInIndex = 0; path = image3dTests.xctest; sourceTree = BUILT_PRODUCTS_DIR; };
		0C89B9291ADAE11100B7069A /* Info.plist */ = {isa = PBXFileReference; lastKnownFileType = text.plist.xml; path = Info.plist; sourceTree = "<group>"; };
		0C89B92A1ADAE11100B7069A /* image3dTests.m */ = {isa = PBXFileReference; lastKnownFileType = sourcecode.c.objc; path = image3dTests.m; sourceTree = "<group>"; };
		0C89B9351ADAE18E00B7069A /* 1.jpg */ = {isa = PBXFileReference; lastKnownFileType = image.jpeg; path = 1.jpg; sourceTree = "<group>"; };
		0C89B9361ADAE18E00B7069A /* 10.jpg */ = {isa = PBXFileReference; lastKnownFileType = image.jpeg; path = 10.jpg; sourceTree = "<group>"; };
		0C89B9371ADAE18E00B7069A /* 11.jpg */ = {isa = PBXFileReference; lastKnownFileType = image.jpeg; path = 11.jpg; sourceTree = "<group>"; };
		0C89B9381ADAE18E00B7069A /* 12.jpg */ = {isa = PBXFileReference; lastKnownFileType = image.jpeg; path = 12.jpg; sourceTree = "<group>"; };
		0C89B9391ADAE18E00B7069A /* 13.jpg */ = {isa = PBXFileReference; lastKnownFileType = image.jpeg; path = 13.jpg; sourceTree = "<group>"; };
		0C89B93A1ADAE18E00B7069A /* 14.jpg */ = {isa = PBXFileReference; lastKnownFileType = image.jpeg; path = 14.jpg; sourceTree = "<group>"; };
		0C89B93B1ADAE18E00B7069A /* 15.jpg */ = {isa = PBXFileReference; lastKnownFileType = image.jpeg; path = 15.jpg; sourceTree = "<group>"; };
		0C89B93C1ADAE18E00B7069A /* 16.jpg */ = {isa = PBXFileReference; lastKnownFileType = image.jpeg; path = 16.jpg; sourceTree = "<group>"; };
		0C89B93D1ADAE18E00B7069A /* 17.jpg */ = {isa = PBXFileReference; lastKnownFileType = image.jpeg; path = 17.jpg; sourceTree = "<group>"; };
		0C89B93E1ADAE18E00B7069A /* 18.jpg */ = {isa = PBXFileReference; lastKnownFileType = image.jpeg; path = 18.jpg; sourceTree = "<group>"; };
		0C89B93F1ADAE18E00B7069A /* 19.jpg */ = {isa = PBXFileReference; lastKnownFileType = image.jpeg; path = 19.jpg; sourceTree = "<group>"; };
		0C89B9401ADAE18E00B7069A /* 2.jpg */ = {isa = PBXFileReference; lastKnownFileType = image.jpeg; path = 2.jpg; sourceTree = "<group>"; };
		0C89B9411ADAE18E00B7069A /* 20.jpg */ = {isa = PBXFileReference; lastKnownFileType = image.jpeg; path = 20.jpg; sourceTree = "<group>"; };
		0C89B9421ADAE18E00B7069A /* 21.jpg */ = {isa = PBXFileReference; lastKnownFileType = image.jpeg; path = 21.jpg; sourceTree = "<group>"; };
		0C89B9431ADAE18E00B7069A /* 22.jpg */ = {isa = PBXFileReference; lastKnownFileType = image.jpeg; path = 22.jpg; sourceTree = "<group>"; };
		0C89B9441ADAE18E00B7069A /* 23.jpg */ = {isa = PBXFileReference; lastKnownFileType = image.jpeg; path = 23.jpg; sourceTree = "<group>"; };
		0C89B9451ADAE18E00B7069A /* 24.jpg */ = {isa = PBXFileReference; lastKnownFileType = image.jpeg; path = 24.jpg; sourceTree = "<group>"; };
		0C89B9461ADAE18E00B7069A /* 25.jpg */ = {isa = PBXFileReference; lastKnownFileType = image.jpeg; path = 25.jpg; sourceTree = "<group>"; };
		0C89B9471ADAE18E00B7069A /* 26.jpg */ = {isa = PBXFileReference; lastKnownFileType = image.jpeg; path = 26.jpg; sourceTree = "<group>"; };
		0C89B9481ADAE18E00B7069A /* 27.jpg */ = {isa = PBXFileReference; lastKnownFileType = image.jpeg; path = 27.jpg; sourceTree = "<group>"; };
		0C89B9491ADAE18E00B7069A /* 28.jpg */ = {isa = PBXFileReference; lastKnownFileType = image.jpeg; path = 28.jpg; sourceTree = "<group>"; };
		0C89B94A1ADAE18E00B7069A /* 29.jpg */ = {isa = PBXFileReference; lastKnownFileType = image.jpeg; path = 29.jpg; sourceTree = "<group>"; };
		0C89B94B1ADAE18E00B7069A /* 3.jpg */ = {isa = PBXFileReference; lastKnownFileType = image.jpeg; path = 3.jpg; sourceTree = "<group>"; };
		0C89B94C1ADAE18E00B7069A /* 30.jpg */ = {isa = PBXFileReference; lastKnownFileType = image.jpeg; path = 30.jpg; sourceTree = "<group>"; };
		0C89B94D1ADAE18E00B7069A /* 31.jpg */ = {isa = PBXFileReference; lastKnownFileType = image.jpeg; path = 31.jpg; sourceTree = "<group>"; };
		0C89B94E1ADAE18E00B7069A /* 32.jpg */ = {isa = PBXFileReference; lastKnownFileType = image.jpeg; path = 32.jpg; sourceTree = "<group>"; };
		0C89B94F1ADAE18E00B7069A /* 33.jpg */ = {isa = PBXFileReference; lastKnownFileType = image.jpeg; path = 33.jpg; sourceTree = "<group>"; };
		0C89B9501ADAE18E00B7069A /* 34.jpg */ = {isa = PBXFileReference; lastKnownFileType = image.jpeg; path = 34.jpg; sourceTree = "<group>"; };
		0C89B9511ADAE18E00B7069A /* 4.jpg */ = {isa = PBXFileReference; lastKnownFileType = image.jpeg; path = 4.jpg; sourceTree = "<group>"; };
		0C89B9521ADAE18E00B7069A /* 5.jpg */ = {isa = PBXFileReference; lastKnownFileType = image.jpeg; path = 5.jpg; sourceTree = "<group>"; };
		0C89B9531ADAE18E00B7069A /* 6.jpg */ = {isa = PBXFileReference; lastKnownFileType = image.jpeg; path = 6.jpg; sourceTree = "<group>"; };
		0C89B9541ADAE18E00B7069A /* 7.jpg */ = {isa = PBXFileReference; lastKnownFileType = image.jpeg; path = 7.jpg; sourceTree = "<group>"; };
		0C89B9551ADAE18E00B7069A /* 8.jpg */ = {isa = PBXFileReference; lastKnownFileType = image.jpeg; path = 8.jpg; sourceTree = "<group>"; };
		0C89B9561ADAE18E00B7069A /* 9.jpg */ = {isa = PBXFileReference; lastKnownFileType = image.jpeg; path = 9.jpg; sourceTree = "<group>"; };
		0C89B9791ADAE24E00B7069A /* 0.jpg */ = {isa = PBXFileReference; lastKnownFileType = image.jpeg; path = 0.jpg; sourceTree = "<group>"; };
		0CEE37091ADEA1CA00EDDABB /* CameraManager.h */ = {isa = PBXFileReference; fileEncoding = 4; lastKnownFileType = sourcecode.c.h; path = CameraManager.h; sourceTree = "<group>"; };
		0CEE370A1ADEA1CB00EDDABB /* CameraManager.m */ = {isa = PBXFileReference; fileEncoding = 4; lastKnownFileType = sourcecode.c.objc; path = CameraManager.m; sourceTree = "<group>"; };
		0CEE370C1ADEA2F200EDDABB /* DataSource.h */ = {isa = PBXFileReference; fileEncoding = 4; lastKnownFileType = sourcecode.c.h; path = DataSource.h; sourceTree = "<group>"; };
		0CEE370D1ADEA2F200EDDABB /* DataSource.m */ = {isa = PBXFileReference; fileEncoding = 4; lastKnownFileType = sourcecode.c.objc; path = DataSource.m; sourceTree = "<group>"; };
/* End PBXFileReference section */

/* Begin PBXFrameworksBuildPhase section */
		0C89B9081ADAE11100B7069A /* Frameworks */ = {
			isa = PBXFrameworksBuildPhase;
			buildActionMask = 2147483647;
			files = (
			);
			runOnlyForDeploymentPostprocessing = 0;
		};
		0C89B9211ADAE11100B7069A /* Frameworks */ = {
			isa = PBXFrameworksBuildPhase;
			buildActionMask = 2147483647;
			files = (
			);
			runOnlyForDeploymentPostprocessing = 0;
		};
/* End PBXFrameworksBuildPhase section */

/* Begin PBXGroup section */
		0C89B9021ADAE11100B7069A = {
			isa = PBXGroup;
			children = (
				0C89B90D1ADAE11100B7069A /* image3d */,
				0C89B9271ADAE11100B7069A /* image3dTests */,
				0C89B90C1ADAE11100B7069A /* Products */,
			);
			sourceTree = "<group>";
		};
		0C89B90C1ADAE11100B7069A /* Products */ = {
			isa = PBXGroup;
			children = (
				0C89B90B1ADAE11100B7069A /* image3d.app */,
				0C89B9241ADAE11100B7069A /* image3dTests.xctest */,
			);
			name = Products;
			sourceTree = "<group>";
		};
		0C89B90D1ADAE11100B7069A /* image3d */ = {
			isa = PBXGroup;
			children = (
				0C89B9341ADAE18E00B7069A /* photos */,
				0C89B9121ADAE11100B7069A /* AppDelegate.h */,
				0C89B9131ADAE11100B7069A /* AppDelegate.m */,
				0C89B9151ADAE11100B7069A /* ViewController.h */,
				0C89B9161ADAE11100B7069A /* ViewController.m */,
				0CEE37091ADEA1CA00EDDABB /* CameraManager.h */,
				0CEE370A1ADEA1CB00EDDABB /* CameraManager.m */,
				0CEE370C1ADEA2F200EDDABB /* DataSource.h */,
				0CEE370D1ADEA2F200EDDABB /* DataSource.m */,
				0C89B9181ADAE11100B7069A /* Main.storyboard */,
				0C89B91B1ADAE11100B7069A /* Images.xcassets */,
				0C89B91D1ADAE11100B7069A /* LaunchScreen.xib */,
				0C89B90E1ADAE11100B7069A /* Supporting Files */,
			);
			path = image3d;
			sourceTree = "<group>";
		};
		0C89B90E1ADAE11100B7069A /* Supporting Files */ = {
			isa = PBXGroup;
			children = (
				0C89B90F1ADAE11100B7069A /* Info.plist */,
				0C89B9101ADAE11100B7069A /* main.m */,
			);
			name = "Supporting Files";
			sourceTree = "<group>";
		};
		0C89B9271ADAE11100B7069A /* image3dTests */ = {
			isa = PBXGroup;
			children = (
				0C89B92A1ADAE11100B7069A /* image3dTests.m */,
				0C89B9281ADAE11100B7069A /* Supporting Files */,
			);
			path = image3dTests;
			sourceTree = "<group>";
		};
		0C89B9281ADAE11100B7069A /* Supporting Files */ = {
			isa = PBXGroup;
			children = (
				0C89B9291ADAE11100B7069A /* Info.plist */,
			);
			name = "Supporting Files";
			sourceTree = "<group>";
		};
		0C89B9341ADAE18E00B7069A /* photos */ = {
			isa = PBXGroup;
			children = (
				0C89B9791ADAE24E00B7069A /* 0.jpg */,
				0C89B9351ADAE18E00B7069A /* 1.jpg */,
				0C89B9361ADAE18E00B7069A /* 10.jpg */,
				0C89B9371ADAE18E00B7069A /* 11.jpg */,
				0C89B9381ADAE18E00B7069A /* 12.jpg */,
				0C89B9391ADAE18E00B7069A /* 13.jpg */,
				0C89B93A1ADAE18E00B7069A /* 14.jpg */,
				0C89B93B1ADAE18E00B7069A /* 15.jpg */,
				0C89B93C1ADAE18E00B7069A /* 16.jpg */,
				0C89B93D1ADAE18E00B7069A /* 17.jpg */,
				0C89B93E1ADAE18E00B7069A /* 18.jpg */,
				0C89B93F1ADAE18E00B7069A /* 19.jpg */,
				0C89B9401ADAE18E00B7069A /* 2.jpg */,
				0C89B9411ADAE18E00B7069A /* 20.jpg */,
				0C89B9421ADAE18E00B7069A /* 21.jpg */,
				0C89B9431ADAE18E00B7069A /* 22.jpg */,
				0C89B9441ADAE18E00B7069A /* 23.jpg */,
				0C89B9451ADAE18E00B7069A /* 24.jpg */,
				0C89B9461ADAE18E00B7069A /* 25.jpg */,
				0C89B9471ADAE18E00B7069A /* 26.jpg */,
				0C89B9481ADAE18E00B7069A /* 27.jpg */,
				0C89B9491ADAE18E00B7069A /* 28.jpg */,
				0C89B94A1ADAE18E00B7069A /* 29.jpg */,
				0C89B94B1ADAE18E00B7069A /* 3.jpg */,
				0C89B94C1ADAE18E00B7069A /* 30.jpg */,
				0C89B94D1ADAE18E00B7069A /* 31.jpg */,
				0C89B94E1ADAE18E00B7069A /* 32.jpg */,
				0C89B94F1ADAE18E00B7069A /* 33.jpg */,
				0C89B9501ADAE18E00B7069A /* 34.jpg */,
				0C89B9511ADAE18E00B7069A /* 4.jpg */,
				0C89B9521ADAE18E00B7069A /* 5.jpg */,
				0C89B9531ADAE18E00B7069A /* 6.jpg */,
				0C89B9541ADAE18E00B7069A /* 7.jpg */,
				0C89B9551ADAE18E00B7069A /* 8.jpg */,
				0C89B9561ADAE18E00B7069A /* 9.jpg */,
			);
			path = photos;
			sourceTree = "<group>";
		};
/* End PBXGroup section */

/* Begin PBXNativeTarget section */
		0C89B90A1ADAE11100B7069A /* image3d */ = {
			isa = PBXNativeTarget;
			buildConfigurationList = 0C89B92E1ADAE11100B7069A /* Build configuration list for PBXNativeTarget "image3d" */;
			buildPhases = (
				0C89B9071ADAE11100B7069A /* Sources */,
				0C89B9081ADAE11100B7069A /* Frameworks */,
				0C89B9091ADAE11100B7069A /* Resources */,
			);
			buildRules = (
			);
			dependencies = (
			);
			name = image3d;
			productName = image3d;
			productReference = 0C89B90B1ADAE11100B7069A /* image3d.app */;
			productType = "com.apple.product-type.application";
		};
		0C89B9231ADAE11100B7069A /* image3dTests */ = {
			isa = PBXNativeTarget;
			buildConfigurationList = 0C89B9311ADAE11100B7069A /* Build configuration list for PBXNativeTarget "image3dTests" */;
			buildPhases = (
				0C89B9201ADAE11100B7069A /* Sources */,
				0C89B9211ADAE11100B7069A /* Frameworks */,
				0C89B9221ADAE11100B7069A /* Resources */,
			);
			buildRules = (
			);
			dependencies = (
				0C89B9261ADAE11100B7069A /* PBXTargetDependency */,
			);
			name = image3dTests;
			productName = image3dTests;
			productReference = 0C89B9241ADAE11100B7069A /* image3dTests.xctest */;
			productType = "com.apple.product-type.bundle.unit-test";
		};
/* End PBXNativeTarget section */

/* Begin PBXProject section */
		0C89B9031ADAE11100B7069A /* Project object */ = {
			isa = PBXProject;
			attributes = {
				LastUpgradeCheck = 0700;
				ORGANIZATIONNAME = "Igor Bizi Mineev";
				TargetAttributes = {
					0C89B90A1ADAE11100B7069A = {
						CreatedOnToolsVersion = 6.1.1;
					};
					0C89B9231ADAE11100B7069A = {
						CreatedOnToolsVersion = 6.1.1;
						TestTargetID = 0C89B90A1ADAE11100B7069A;
					};
				};
			};
			buildConfigurationList = 0C89B9061ADAE11100B7069A /* Build configuration list for PBXProject "image3d" */;
			compatibilityVersion = "Xcode 3.2";
			developmentRegion = English;
			hasScannedForEncodings = 0;
			knownRegions = (
				en,
				Base,
			);
			mainGroup = 0C89B9021ADAE11100B7069A;
			productRefGroup = 0C89B90C1ADAE11100B7069A /* Products */;
			projectDirPath = "";
			projectRoot = "";
			targets = (
				0C89B90A1ADAE11100B7069A /* image3d */,
				0C89B9231ADAE11100B7069A /* image3dTests */,
			);
		};
/* End PBXProject section */

/* Begin PBXResourcesBuildPhase section */
		0C89B9091ADAE11100B7069A /* Resources */ = {
			isa = PBXResourcesBuildPhase;
			buildActionMask = 2147483647;
			files = (
				0C89B9741ADAE18E00B7069A /* 5.jpg in Resources */,
				0C89B9601ADAE18E00B7069A /* 18.jpg in Resources */,
				0C89B95C1ADAE18E00B7069A /* 14.jpg in Resources */,
				0C89B9581ADAE18E00B7069A /* 10.jpg in Resources */,
				0C89B95B1ADAE18E00B7069A /* 13.jpg in Resources */,
				0C89B91A1ADAE11100B7069A /* Main.storyboard in Resources */,
				0C89B9781ADAE18E00B7069A /* 9.jpg in Resources */,
				0C89B9641ADAE18E00B7069A /* 21.jpg in Resources */,
				0C89B9721ADAE18E00B7069A /* 34.jpg in Resources */,
				0C89B9681ADAE18E00B7069A /* 25.jpg in Resources */,
				0C89B9731ADAE18E00B7069A /* 4.jpg in Resources */,
				0C89B95A1ADAE18E00B7069A /* 12.jpg in Resources */,
				0C89B97A1ADAE24E00B7069A /* 0.jpg in Resources */,
				0C89B95D1ADAE18E00B7069A /* 15.jpg in Resources */,
				0C89B9771ADAE18E00B7069A /* 8.jpg in Resources */,
				0C89B9631ADAE18E00B7069A /* 20.jpg in Resources */,
				0C89B96A1ADAE18E00B7069A /* 27.jpg in Resources */,
				0C89B9571ADAE18E00B7069A /* 1.jpg in Resources */,
				0C89B96E1ADAE18E00B7069A /* 30.jpg in Resources */,
				0C89B9661ADAE18E00B7069A /* 23.jpg in Resources */,
				0C89B9761ADAE18E00B7069A /* 7.jpg in Resources */,
				0C89B95E1ADAE18E00B7069A /* 16.jpg in Resources */,
				0C89B9711ADAE18E00B7069A /* 33.jpg in Resources */,
				0C89B9611ADAE18E00B7069A /* 19.jpg in Resources */,
				0C89B96C1ADAE18E00B7069A /* 29.jpg in Resources */,
				0C89B96F1ADAE18E00B7069A /* 31.jpg in Resources */,
				0C89B96B1ADAE18E00B7069A /* 28.jpg in Resources */,
				0C89B96D1ADAE18E00B7069A /* 3.jpg in Resources */,
				0C89B9591ADAE18E00B7069A /* 11.jpg in Resources */,
				0C89B9701ADAE18E00B7069A /* 32.jpg in Resources */,
				0C89B9751ADAE18E00B7069A /* 6.jpg in Resources */,
				0C89B95F1ADAE18E00B7069A /* 17.jpg in Resources */,
				0C89B9671ADAE18E00B7069A /* 24.jpg in Resources */,
				0C89B9691ADAE18E00B7069A /* 26.jpg in Resources */,
				0C89B9621ADAE18E00B7069A /* 2.jpg in Resources */,
				0C89B9651ADAE18E00B7069A /* 22.jpg in Resources */,
				0C89B91F1ADAE11100B7069A /* LaunchScreen.xib in Resources */,
				0C89B91C1ADAE11100B7069A /* Images.xcassets in Resources */,
			);
			runOnlyForDeploymentPostprocessing = 0;
		};
		0C89B9221ADAE11100B7069A /* Resources */ = {
			isa = PBXResourcesBuildPhase;
			buildActionMask = 2147483647;
			files = (
			);
			runOnlyForDeploymentPostprocessing = 0;
		};
/* End PBXResourcesBuildPhase section */

/* Begin PBXSourcesBuildPhase section */
		0C89B9071ADAE11100B7069A /* Sources */ = {
			isa = PBXSourcesBuildPhase;
			buildActionMask = 2147483647;
			files = (
				0C89B9171ADAE11100B7069A /* ViewController.m in Sources */,
				0CEE370E1ADEA2F200EDDABB /* DataSource.m in Sources */,
				0C89B9141ADAE11100B7069A /* AppDelegate.m in Sources */,
				0CEE370B1ADEA1CB00EDDABB /* CameraManager.m in Sources */,
				0C89B9111ADAE11100B7069A /* main.m in Sources */,
			);
			runOnlyForDeploymentPostprocessing = 0;
		};
		0C89B9201ADAE11100B7069A /* Sources */ = {
			isa = PBXSourcesBuildPhase;
			buildActionMask = 2147483647;
			files = (
				0C89B92B1ADAE11100B7069A /* image3dTests.m in Sources */,
			);
			runOnlyForDeploymentPostprocessing = 0;
		};
/* End PBXSourcesBuildPhase section */

/* Begin PBXTargetDependency section */
		0C89B9261ADAE11100B7069A /* PBXTargetDependency */ = {
			isa = PBXTargetDependency;
			target = 0C89B90A1ADAE11100B7069A /* image3d */;
			targetProxy = 0C89B9251ADAE11100B7069A /* PBXContainerItemProxy */;
		};
/* End PBXTargetDependency section */

/* Begin PBXVariantGroup section */
		0C89B9181ADAE11100B7069A /* Main.storyboard */ = {
			isa = PBXVariantGroup;
			children = (
				0C89B9191ADAE11100B7069A /* Base */,
			);
			name = Main.storyboard;
			sourceTree = "<group>";
		};
		0C89B91D1ADAE11100B7069A /* LaunchScreen.xib */ = {
			isa = PBXVariantGroup;
			children = (
				0C89B91E1ADAE11100B7069A /* Base */,
			);
			name = LaunchScreen.xib;
			sourceTree = "<group>";
		};
/* End PBXVariantGroup section */

/* Begin XCBuildConfiguration section */
		0C89B92C1ADAE11100B7069A /* Debug */ = {
			isa = XCBuildConfiguration;
			buildSettings = {
				ALWAYS_SEARCH_USER_PATHS = NO;
				CLANG_CXX_LANGUAGE_STANDARD = "gnu++0x";
				CLANG_CXX_LIBRARY = "libc++";
				CLANG_ENABLE_MODULES = YES;
				CLANG_ENABLE_OBJC_ARC = YES;
				CLANG_WARN_BOOL_CONVERSION = YES;
				CLANG_WARN_CONSTANT_CONVERSION = YES;
				CLANG_WARN_DIRECT_OBJC_ISA_USAGE = YES_ERROR;
				CLANG_WARN_EMPTY_BODY = YES;
				CLANG_WARN_ENUM_CONVERSION = YES;
				CLANG_WARN_INT_CONVERSION = YES;
				CLANG_WARN_OBJC_ROOT_CLASS = YES_ERROR;
				CLANG_WARN_UNREACHABLE_CODE = YES;
				CLANG_WARN__DUPLICATE_METHOD_MATCH = YES;
				"CODE_SIGN_IDENTITY[sdk=iphoneos*]" = "iPhone Developer";
				COPY_PHASE_STRIP = NO;
				ENABLE_STRICT_OBJC_MSGSEND = YES;
				ENABLE_TESTABILITY = YES;
				GCC_C_LANGUAGE_STANDARD = gnu99;
				GCC_DYNAMIC_NO_PIC = NO;
				GCC_OPTIMIZATION_LEVEL = 0;
				GCC_PREPROCESSOR_DEFINITIONS = (
					"DEBUG=1",
					"$(inherited)",
				);
				GCC_SYMBOLS_PRIVATE_EXTERN = NO;
				GCC_WARN_64_TO_32_BIT_CONVERSION = YES;
				GCC_WARN_ABOUT_RETURN_TYPE = YES_ERROR;
				GCC_WARN_UNDECLARED_SELECTOR = YES;
				GCC_WARN_UNINITIALIZED_AUTOS = YES_AGGRESSIVE;
				GCC_WARN_UNUSED_FUNCTION = YES;
				GCC_WARN_UNUSED_VARIABLE = YES;
				IPHONEOS_DEPLOYMENT_TARGET = 8.1;
				MTL_ENABLE_DEBUG_INFO = YES;
				ONLY_ACTIVE_ARCH = YES;
				SDKROOT = iphoneos;
			};
			name = Debug;
		};
		0C89B92D1ADAE11100B7069A /* Release */ = {
			isa = XCBuildConfiguration;
			buildSettings = {
				ALWAYS_SEARCH_USER_PATHS = NO;
				CLANG_CXX_LANGUAGE_STANDARD = "gnu++0x";
				CLANG_CXX_LIBRARY = "libc++";
				CLANG_ENABLE_MODULES = YES;
				CLANG_ENABLE_OBJC_ARC = YES;
				CLANG_WARN_BOOL_CONVERSION = YES;
				CLANG_WARN_CONSTANT_CONVERSION = YES;
				CLANG_WARN_DIRECT_OBJC_ISA_USAGE = YES_ERROR;
				CLANG_WARN_EMPTY_BODY = YES;
				CLANG_WARN_ENUM_CONVERSION = YES;
				CLANG_WARN_INT_CONVERSION = YES;
				CLANG_WARN_OBJC_ROOT_CLASS = YES_ERROR;
				CLANG_WARN_UNREACHABLE_CODE = YES;
				CLANG_WARN__DUPLICATE_METHOD_MATCH = YES;
				"CODE_SIGN_IDENTITY[sdk=iphoneos*]" = "iPhone Developer";
				COPY_PHASE_STRIP = YES;
				ENABLE_NS_ASSERTIONS = NO;
				ENABLE_STRICT_OBJC_MSGSEND = YES;
				GCC_C_LANGUAGE_STANDARD = gnu99;
				GCC_WARN_64_TO_32_BIT_CONVERSION = YES;
				GCC_WARN_ABOUT_RETURN_TYPE = YES_ERROR;
				GCC_WARN_UNDECLARED_SELECTOR = YES;
				GCC_WARN_UNINITIALIZED_AUTOS = YES_AGGRESSIVE;
				GCC_WARN_UNUSED_FUNCTION = YES;
				GCC_WARN_UNUSED_VARIABLE = YES;
				IPHONEOS_DEPLOYMENT_TARGET = 8.1;
				MTL_ENABLE_DEBUG_INFO = NO;
				SDKROOT = iphoneos;
				VALIDATE_PRODUCT = YES;
			};
			name = Release;
		};
		0C89B92F1ADAE11100B7069A /* Debug */ = {
			isa = XCBuildConfiguration;
			buildSettings = {
				ASSETCATALOG_COMPILER_APPICON_NAME = AppIcon;
				CODE_SIGN_IDENTITY = "iPhone Developer";
				INFOPLIST_FILE = image3d/Info.plist;
				LD_RUNPATH_SEARCH_PATHS = "$(inherited) @executable_path/Frameworks";
				PRODUCT_BUNDLE_IDENTIFIER = "com.igorbizi.$(PRODUCT_NAME:rfc1034identifier)";
				PRODUCT_NAME = "$(TARGET_NAME)";
			};
			name = Debug;
		};
		0C89B9301ADAE11100B7069A /* Release */ = {
			isa = XCBuildConfiguration;
			buildSettings = {
				ASSETCATALOG_COMPILER_APPICON_NAME = AppIcon;
				CODE_SIGN_IDENTITY = "iPhone Developer";
				INFOPLIST_FILE = image3d/Info.plist;
				LD_RUNPATH_SEARCH_PATHS = "$(inherited) @executable_path/Frameworks";
				PRODUCT_BUNDLE_IDENTIFIER = "com.igorbizi.$(PRODUCT_NAME:rfc1034identifier)";
				PRODUCT_NAME = "$(TARGET_NAME)";
			};
			name = Release;
		};
		0C89B9321ADAE11100B7069A /* Debug */ = {
			isa = XCBuildConfiguration;
			buildSettings = {
				BUNDLE_LOADER = "$(TEST_HOST)";
				FRAMEWORK_SEARCH_PATHS = (
					"$(SDKROOT)/Developer/Library/Frameworks",
					"$(inherited)",
				);
				GCC_PREPROCESSOR_DEFINITIONS = (
					"DEBUG=1",
					"$(inherited)",
				);
				INFOPLIST_FILE = image3dTests/Info.plist;
				LD_RUNPATH_SEARCH_PATHS = "$(inherited) @executable_path/Frameworks @loader_path/Frameworks";
				PRODUCT_BUNDLE_IDENTIFIER = "com.igorbizi.$(PRODUCT_NAME:rfc1034identifier)";
				PRODUCT_NAME = "$(TARGET_NAME)";
				TEST_HOST = "$(BUILT_PRODUCTS_DIR)/image3d.app/image3d";
			};
			name = Debug;
		};
		0C89B9331ADAE11100B7069A /* Release */ = {
			isa = XCBuildConfiguration;
			buildSettings = {
				BUNDLE_LOADER = "$(TEST_HOST)";
				FRAMEWORK_SEARCH_PATHS = (
					"$(SDKROOT)/Developer/Library/Frameworks",
					"$(inherited)",
				);
				INFOPLIST_FILE = image3dTests/Info.plist;
				LD_RUNPATH_SEARCH_PATHS = "$(inherited) @executable_path/Frameworks @loader_path/Frameworks";
				PRODUCT_BUNDLE_IDENTIFIER = "com.igorbizi.$(PRODUCT_NAME:rfc1034identifier)";
				PRODUCT_NAME = "$(TARGET_NAME)";
				TEST_HOST = "$(BUILT_PRODUCTS_DIR)/image3d.app/image3d";
			};
			name = Release;
		};
/* End XCBuildConfiguration section */

/* Begin XCConfigurationList section */
		0C89B9061ADAE11100B7069A /* Build configuration list for PBXProject "image3d" */ = {
			isa = XCConfigurationList;
			buildConfigurations = (
				0C89B92C1ADAE11100B7069A /* Debug */,
				0C89B92D1ADAE11100B7069A /* Release */,
			);
			defaultConfigurationIsVisible = 0;
			defaultConfigurationName = Release;
		};
		0C89B92E1ADAE11100B7069A /* Build configuration list for PBXNativeTarget "image3d" */ = {
			isa = XCConfigurationList;
			buildConfigurations = (
				0C89B92F1ADAE11100B7069A /* Debug */,
				0C89B9301ADAE11100B7069A /* Release */,
			);
			defaultConfigurationIsVisible = 0;
			defaultConfigurationName = Release;
		};
		0C89B9311ADAE11100B7069A /* Build configuration list for PBXNativeTarget "image3dTests" */ = {
			isa = XCConfigurationList;
			buildConfigurations = (
				0C89B9321ADAE11100B7069A /* Debug */,
				0C89B9331ADAE11100B7069A /* Release */,
			);
			defaultConfigurationIsVisible = 0;
			defaultConfigurationName = Release;
		};
/* End XCConfigurationList section */
	};
	rootObject = 0C89B9031ADAE11100B7069A /* Project object */;
}
